{
  "name": "@esolangs/type-unlambda",
  "version": "0.1.1",
  "lockfileVersion": 1,
  "requires": true,
  "dependencies": {
    "typescript": {
      "version": "4.1.0-dev.20201102",
      "resolved": "https://registry.npmjs.org/typescript/-/typescript-4.1.0-dev.20201102.tgz",
      "integrity": "sha512-kyL2MUGRx69NgowtHpnabYzNA3N8CR+XW51kL9my6MfSXyrojytW5P4YmaayHGQhWLRmzzdDvHfkf2PQBHgbUw==",
      "dev": true
    }
  }
}
